// !$*UTF8*$!
{
	archiveVersion = 1;
	classes = {
	};
	objectVersion = 56;
	objects = {

/* Begin PBXBuildFile section */
		FAD14F8A2B1A130600141B71 /* AppDelegate.swift in Sources */ = {isa = PBXBuildFile; fileRef = FAD14F892B1A130600141B71 /* AppDelegate.swift */; };
		FAD14F8C2B1A130600141B71 /* SceneDelegate.swift in Sources */ = {isa = PBXBuildFile; fileRef = FAD14F8B2B1A130600141B71 /* SceneDelegate.swift */; };
		FAD14F8E2B1A130600141B71 /* ViewController.swift in Sources */ = {isa = PBXBuildFile; fileRef = FAD14F8D2B1A130600141B71 /* ViewController.swift */; };
		FAD14F912B1A130600141B71 /* Main.storyboard in Resources */ = {isa = PBXBuildFile; fileRef = FAD14F8F2B1A130600141B71 /* Main.storyboard */; };
		FAD14F932B1A130800141B71 /* Assets.xcassets in Resources */ = {isa = PBXBuildFile; fileRef = FAD14F922B1A130800141B71 /* Assets.xcassets */; };
		FAD14F962B1A130800141B71 /* LaunchScreen.storyboard in Resources */ = {isa = PBXBuildFile; fileRef = FAD14F942B1A130800141B71 /* LaunchScreen.storyboard */; };
		FAD14FA12B1A130800141B71 /* calculator2Tests.swift in Sources */ = {isa = PBXBuildFile; fileRef = FAD14FA02B1A130800141B71 /* calculator2Tests.swift */; };
		FAD14FAB2B1A130800141B71 /* calculator2UITests.swift in Sources */ = {isa = PBXBuildFile; fileRef = FAD14FAA2B1A130800141B71 /* calculator2UITests.swift */; };
		FAD14FAD2B1A130800141B71 /* calculator2UITestsLaunchTests.swift in Sources */ = {isa = PBXBuildFile; fileRef = FAD14FAC2B1A130800141B71 /* calculator2UITestsLaunchTests.swift */; };
/* End PBXBuildFile section */

/* Begin PBXContainerItemProxy section */
		FAD14F9D2B1A130800141B71 /* PBXContainerItemProxy */ = {
			isa = PBXContainerItemProxy;
			containerPortal = FAD14F7E2B1A130600141B71 /* Project object */;
			proxyType = 1;
			remoteGlobalIDString = FAD14F852B1A130600141B71;
			remoteInfo = calculator2;
		};
		FAD14FA72B1A130800141B71 /* PBXContainerItemProxy */ = {
			isa = PBXContainerItemProxy;
			containerPortal = FAD14F7E2B1A130600141B71 /* Project object */;
			proxyType = 1;
			remoteGlobalIDString = FAD14F852B1A130600141B71;
			remoteInfo = calculator2;
		};
/* End PBXContainerItemProxy section */

/* Begin PBXFileReference section */
		FAD14F862B1A130600141B71 /* calculator2.app */ = {isa = PBXFileReference; explicitFileType = wrapper.application; includeInIndex = 0; path = calculator2.app; sourceTree = BUILT_PRODUCTS_DIR; };
		FAD14F892B1A130600141B71 /* AppDelegate.swift */ = {isa = PBXFileReference; lastKnownFileType = sourcecode.swift; path = AppDelegate.swift; sourceTree = "<group>"; };
		FAD14F8B2B1A130600141B71 /* SceneDelegate.swift */ = {isa = PBXFileReference; lastKnownFileType = sourcecode.swift; path = SceneDelegate.swift; sourceTree = "<group>"; };
		FAD14F8D2B1A130600141B71 /* ViewController.swift */ = {isa = PBXFileReference; lastKnownFileType = sourcecode.swift; path = ViewController.swift; sourceTree = "<group>"; };
		FAD14F902B1A130600141B71 /* Base */ = {isa = PBXFileReference; lastKnownFileType = file.storyboard; name = Base; path = Base.lproj/Main.storyboard; sourceTree = "<group>"; };
		FAD14F922B1A130800141B71 /* Assets.xcassets */ = {isa = PBXFileReference; lastKnownFileType = folder.assetcatalog; path = Assets.xcassets; sourceTree = "<group>"; };
		FAD14F952B1A130800141B71 /* Base */ = {isa = PBXFileReference; lastKnownFileType = file.storyboard; name = Base; path = Base.lproj/LaunchScreen.storyboard; sourceTree = "<group>"; };
		FAD14F972B1A130800141B71 /* Info.plist */ = {isa = PBXFileReference; lastKnownFileType = text.plist.xml; path = Info.plist; sourceTree = "<group>"; };
		FAD14F9C2B1A130800141B71 /* calculator2Tests.xctest */ = {isa = PBXFileReference; explicitFileType = wrapper.cfbundle; includeInIndex = 0; path = calculator2Tests.xctest; sourceTree = BUILT_PRODUCTS_DIR; };
		FAD14FA02B1A130800141B71 /* calculator2Tests.swift */ = {isa = PBXFileReference; lastKnownFileType = sourcecode.swift; path = calculator2Tests.swift; sourceTree = "<group>"; };
		FAD14FA62B1A130800141B71 /* calculator2UITests.xctest */ = {isa = PBXFileReference; explicitFileType = wrapper.cfbundle; includeInIndex = 0; path = calculator2UITests.xctest; sourceTree = BUILT_PRODUCTS_DIR; };
		FAD14FAA2B1A130800141B71 /* calculator2UITests.swift */ = {isa = PBXFileReference; lastKnownFileType = sourcecode.swift; path = calculator2UITests.swift; sourceTree = "<group>"; };
		FAD14FAC2B1A130800141B71 /* calculator2UITestsLaunchTests.swift */ = {isa = PBXFileReference; lastKnownFileType = sourcecode.swift; path = calculator2UITestsLaunchTests.swift; sourceTree = "<group>"; };
/* End PBXFileReference section */

/* Begin PBXFrameworksBuildPhase section */
		FAD14F832B1A130600141B71 /* Frameworks */ = {
			isa = PBXFrameworksBuildPhase;
			buildActionMask = 2147483647;
			files = (
			);
			runOnlyForDeploymentPostprocessing = 0;
		};
		FAD14F992B1A130800141B71 /* Frameworks */ = {
			isa = PBXFrameworksBuildPhase;
			buildActionMask = 2147483647;
			files = (
			);
			runOnlyForDeploymentPostprocessing = 0;
		};
		FAD14FA32B1A130800141B71 /* Frameworks */ = {
			isa = PBXFrameworksBuildPhase;
			buildActionMask = 2147483647;
			files = (
			);
			runOnlyForDeploymentPostprocessing = 0;
		};
/* End PBXFrameworksBuildPhase section */

/* Begin PBXGroup section */
		FAD14F7D2B1A130600141B71 = {
			isa = PBXGroup;
			children = (
				FAD14F882B1A130600141B71 /* calculator2 */,
				FAD14F9F2B1A130800141B71 /* calculator2Tests */,
				FAD14FA92B1A130800141B71 /* calculator2UITests */,
				FAD14F872B1A130600141B71 /* Products */,
			);
			sourceTree = "<group>";
		};
		FAD14F872B1A130600141B71 /* Products */ = {
			isa = PBXGroup;
			children = (
				FAD14F862B1A130600141B71 /* calculator2.app */,
				FAD14F9C2B1A130800141B71 /* calculator2Tests.xctest */,
				FAD14FA62B1A130800141B71 /* calculator2UITests.xctest */,
			);
			name = Products;
			sourceTree = "<group>";
		};
		FAD14F882B1A130600141B71 /* calculator2 */ = {
			isa = PBXGroup;
			children = (
				FAD14F892B1A130600141B71 /* AppDelegate.swift */,
				FAD14F8B2B1A130600141B71 /* SceneDelegate.swift */,
				FAD14F8D2B1A130600141B71 /* ViewController.swift */,
				FAD14F8F2B1A130600141B71 /* Main.storyboard */,
				FAD14F922B1A130800141B71 /* Assets.xcassets */,
				FAD14F942B1A130800141B71 /* LaunchScreen.storyboard */,
				FAD14F972B1A130800141B71 /* Info.plist */,
			);
			path = calculator2;
			sourceTree = "<group>";
		};
		FAD14F9F2B1A130800141B71 /* calculator2Tests */ = {
			isa = PBXGroup;
			children = (
				FAD14FA02B1A130800141B71 /* calculator2Tests.swift */,
			);
			path = calculator2Tests;
			sourceTree = "<group>";
		};
		FAD14FA92B1A130800141B71 /* calculator2UITests */ = {
			isa = PBXGroup;
			children = (
				FAD14FAA2B1A130800141B71 /* calculator2UITests.swift */,
				FAD14FAC2B1A130800141B71 /* calculator2UITestsLaunchTests.swift */,
			);
			path = calculator2UITests;
			sourceTree = "<group>";
		};
/* End PBXGroup section */

/* Begin PBXNativeTarget section */
		FAD14F852B1A130600141B71 /* calculator2 */ = {
			isa = PBXNativeTarget;
			buildConfigurationList = FAD14FB02B1A130800141B71 /* Build configuration list for PBXNativeTarget "calculator2" */;
			buildPhases = (
				FAD14F822B1A130600141B71 /* Sources */,
				FAD14F832B1A130600141B71 /* Frameworks */,
				FAD14F842B1A130600141B71 /* Resources */,
			);
			buildRules = (
			);
			dependencies = (
			);
			name = calculator2;
			productName = calculator2;
			productReference = FAD14F862B1A130600141B71 /* calculator2.app */;
			productType = "com.apple.product-type.application";
		};
		FAD14F9B2B1A130800141B71 /* calculator2Tests */ = {
			isa = PBXNativeTarget;
			buildConfigurationList = FAD14FB32B1A130800141B71 /* Build configuration list for PBXNativeTarget "calculator2Tests" */;
			buildPhases = (
				FAD14F982B1A130800141B71 /* Sources */,
				FAD14F992B1A130800141B71 /* Frameworks */,
				FAD14F9A2B1A130800141B71 /* Resources */,
			);
			buildRules = (
			);
			dependencies = (
				FAD14F9E2B1A130800141B71 /* PBXTargetDependency */,
			);
			name = calculator2Tests;
			productName = calculator2Tests;
			productReference = FAD14F9C2B1A130800141B71 /* calculator2Tests.xctest */;
			productType = "com.apple.product-type.bundle.unit-test";
		};
		FAD14FA52B1A130800141B71 /* calculator2UITests */ = {
			isa = PBXNativeTarget;
			buildConfigurationList = FAD14FB62B1A130800141B71 /* Build configuration list for PBXNativeTarget "calculator2UITests" */;
			buildPhases = (
				FAD14FA22B1A130800141B71 /* Sources */,
				FAD14FA32B1A130800141B71 /* Frameworks */,
				FAD14FA42B1A130800141B71 /* Resources */,
			);
			buildRules = (
			);
			dependencies = (
				FAD14FA82B1A130800141B71 /* PBXTargetDependency */,
			);
			name = calculator2UITests;
			productName = calculator2UITests;
			productReference = FAD14FA62B1A130800141B71 /* calculator2UITests.xctest */;
			productType = "com.apple.product-type.bundle.ui-testing";
		};
/* End PBXNativeTarget section */

/* Begin PBXProject section */
		FAD14F7E2B1A130600141B71 /* Project object */ = {
			isa = PBXProject;
			attributes = {
				BuildIndependentTargetsInParallel = 1;
				LastSwiftUpdateCheck = 1500;
				LastUpgradeCheck = 1500;
				TargetAttributes = {
					FAD14F852B1A130600141B71 = {
						CreatedOnToolsVersion = 15.0.1;
					};
					FAD14F9B2B1A130800141B71 = {
						CreatedOnToolsVersion = 15.0.1;
						TestTargetID = FAD14F852B1A130600141B71;
					};
					FAD14FA52B1A130800141B71 = {
						CreatedOnToolsVersion = 15.0.1;
						TestTargetID = FAD14F852B1A130600141B71;
					};
				};
			};
			buildConfigurationList = FAD14F812B1A130600141B71 /* Build configuration list for PBXProject "calculator2" */;
			compatibilityVersion = "Xcode 14.0";
			developmentRegion = en;
			hasScannedForEncodings = 0;
			knownRegions = (
				en,
				Base,
			);
			mainGroup = FAD14F7D2B1A130600141B71;
			productRefGroup = FAD14F872B1A130600141B71 /* Products */;
			projectDirPath = "";
			projectRoot = "";
			targets = (
				FAD14F852B1A130600141B71 /* calculator2 */,
				FAD14F9B2B1A130800141B71 /* calculator2Tests */,
				FAD14FA52B1A130800141B71 /* calculator2UITests */,
			);
		};
/* End PBXProject section */

/* Begin PBXResourcesBuildPhase section */
		FAD14F842B1A130600141B71 /* Resources */ = {
			isa = PBXResourcesBuildPhase;
			buildActionMask = 2147483647;
			files = (
				FAD14F962B1A130800141B71 /* LaunchScreen.storyboard in Resources */,
				FAD14F932B1A130800141B71 /* Assets.xcassets in Resources */,
				FAD14F912B1A130600141B71 /* Main.storyboard in Resources */,
			);
			runOnlyForDeploymentPostprocessing = 0;
		};
		FAD14F9A2B1A130800141B71 /* Resources */ = {
			isa = PBXResourcesBuildPhase;
			buildActionMask = 2147483647;
			files = (
			);
			runOnlyForDeploymentPostprocessing = 0;
		};
		FAD14FA42B1A130800141B71 /* Resources */ = {
			isa = PBXResourcesBuildPhase;
			buildActionMask = 2147483647;
			files = (
			);
			runOnlyForDeploymentPostprocessing = 0;
		};
/* End PBXResourcesBuildPhase section */

/* Begin PBXSourcesBuildPhase section */
		FAD14F822B1A130600141B71 /* Sources */ = {
			isa = PBXSourcesBuildPhase;
			buildActionMask = 2147483647;
			files = (
				FAD14F8E2B1A130600141B71 /* ViewController.swift in Sources */,
				FAD14F8A2B1A130600141B71 /* AppDelegate.swift in Sources */,
				FAD14F8C2B1A130600141B71 /* SceneDelegate.swift in Sources */,
			);
			runOnlyForDeploymentPostprocessing = 0;
		};
		FAD14F982B1A130800141B71 /* Sources */ = {
			isa = PBXSourcesBuildPhase;
			buildActionMask = 2147483647;
			files = (
				FAD14FA12B1A130800141B71 /* calculator2Tests.swift in Sources */,
			);
			runOnlyForDeploymentPostprocessing = 0;
		};
		FAD14FA22B1A130800141B71 /* Sources */ = {
			isa = PBXSourcesBuildPhase;
			buildActionMask = 2147483647;
			files = (
				FAD14FAB2B1A130800141B71 /* calculator2UITests.swift in Sources */,
				FAD14FAD2B1A130800141B71 /* calculator2UITestsLaunchTests.swift in Sources */,
			);
			runOnlyForDeploymentPostprocessing = 0;
		};
/* End PBXSourcesBuildPhase section */

/* Begin PBXTargetDependency section */
		FAD14F9E2B1A130800141B71 /* PBXTargetDependency */ = {
			isa = PBXTargetDependency;
			target = FAD14F852B1A130600141B71 /* calculator2 */;
			targetProxy = FAD14F9D2B1A130800141B71 /* PBXContainerItemProxy */;
		};
		FAD14FA82B1A130800141B71 /* PBXTargetDependency */ = {
			isa = PBXTargetDependency;
			target = FAD14F852B1A130600141B71 /* calculator2 */;
			targetProxy = FAD14FA72B1A130800141B71 /* PBXContainerItemProxy */;
		};
/* End PBXTargetDependency section */

/* Begin PBXVariantGroup section */
		FAD14F8F2B1A130600141B71 /* Main.storyboard */ = {
			isa = PBXVariantGroup;
			children = (
				FAD14F902B1A130600141B71 /* Base */,
			);
			name = Main.storyboard;
			sourceTree = "<group>";
		};
		FAD14F942B1A130800141B71 /* LaunchScreen.storyboard */ = {
			isa = PBXVariantGroup;
			children = (
				FAD14F952B1A130800141B71 /* Base */,
			);
			name = LaunchScreen.storyboard;
			sourceTree = "<group>";
		};
/* End PBXVariantGroup section */

/* Begin XCBuildConfiguration section */
		FAD14FAE2B1A130800141B71 /* Debug */ = {
			isa = XCBuildConfiguration;
			buildSettings = {
				ALWAYS_SEARCH_USER_PATHS = NO;
				ASSETCATALOG_COMPILER_GENERATE_SWIFT_ASSET_SYMBOL_EXTENSIONS = YES;
				CLANG_ANALYZER_NONNULL = YES;
				CLANG_ANALYZER_NUMBER_OBJECT_CONVERSION = YES_AGGRESSIVE;
				CLANG_CXX_LANGUAGE_STANDARD = "gnu++20";
				CLANG_ENABLE_MODULES = YES;
				CLANG_ENABLE_OBJC_ARC = YES;
				CLANG_ENABLE_OBJC_WEAK = YES;
				CLANG_WARN_BLOCK_CAPTURE_AUTORELEASING = YES;
				CLANG_WARN_BOOL_CONVERSION = YES;
				CLANG_WARN_COMMA = YES;
				CLANG_WARN_CONSTANT_CONVERSION = YES;
				CLANG_WARN_DEPRECATED_OBJC_IMPLEMENTATIONS = YES;
				CLANG_WARN_DIRECT_OBJC_ISA_USAGE = YES_ERROR;
				CLANG_WARN_DOCUMENTATION_COMMENTS = YES;
				CLANG_WARN_EMPTY_BODY = YES;
				CLANG_WARN_ENUM_CONVERSION = YES;
				CLANG_WARN_INFINITE_RECURSION = YES;
				CLANG_WARN_INT_CONVERSION = YES;
				CLANG_WARN_NON_LITERAL_NULL_CONVERSION = YES;
				CLANG_WARN_OBJC_IMPLICIT_RETAIN_SELF = YES;
				CLANG_WARN_OBJC_LITERAL_CONVERSION = YES;
				CLANG_WARN_OBJC_ROOT_CLASS = YES_ERROR;
				CLANG_WARN_QUOTED_INCLUDE_IN_FRAMEWORK_HEADER = YES;
				CLANG_WARN_RANGE_LOOP_ANALYSIS = YES;
				CLANG_WARN_STRICT_PROTOTYPES = YES;
				CLANG_WARN_SUSPICIOUS_MOVE = YES;
				CLANG_WARN_UNGUARDED_AVAILABILITY = YES_AGGRESSIVE;
				CLANG_WARN_UNREACHABLE_CODE = YES;
				CLANG_WARN__DUPLICATE_METHOD_MATCH = YES;
				COPY_PHASE_STRIP = NO;
				DEBUG_INFORMATION_FORMAT = dwarf;
				ENABLE_STRICT_OBJC_MSGSEND = YES;
				ENABLE_TESTABILITY = YES;
				ENABLE_USER_SCRIPT_SANDBOXING = YES;
				GCC_C_LANGUAGE_STANDARD = gnu17;
				GCC_DYNAMIC_NO_PIC = NO;
				GCC_NO_COMMON_BLOCKS = YES;
				GCC_OPTIMIZATION_LEVEL = 0;
				GCC_PREPROCESSOR_DEFINITIONS = (
					"DEBUG=1",
					"$(inherited)",
				);
				GCC_WARN_64_TO_32_BIT_CONVERSION = YES;
				GCC_WARN_ABOUT_RETURN_TYPE = YES_ERROR;
				GCC_WARN_UNDECLARED_SELECTOR = YES;
				GCC_WARN_UNINITIALIZED_AUTOS = YES_AGGRESSIVE;
				GCC_WARN_UNUSED_FUNCTION = YES;
				GCC_WARN_UNUSED_VARIABLE = YES;
				IPHONEOS_DEPLOYMENT_TARGET = 17.0;
				LOCALIZATION_PREFERS_STRING_CATALOGS = YES;
				MTL_ENABLE_DEBUG_INFO = INCLUDE_SOURCE;
				MTL_FAST_MATH = YES;
				ONLY_ACTIVE_ARCH = YES;
				SDKROOT = iphoneos;
				SWIFT_ACTIVE_COMPILATION_CONDITIONS = "DEBUG $(inherited)";
				SWIFT_OPTIMIZATION_LEVEL = "-Onone";
			};
			name = Debug;
		};
		FAD14FAF2B1A130800141B71 /* Release */ = {
			isa = XCBuildConfiguration;
			buildSettings = {
				ALWAYS_SEARCH_USER_PATHS = NO;
				ASSETCATALOG_COMPILER_GENERATE_SWIFT_ASSET_SYMBOL_EXTENSIONS = YES;
				CLANG_ANALYZER_NONNULL = YES;
				CLANG_ANALYZER_NUMBER_OBJECT_CONVERSION = YES_AGGRESSIVE;
				CLANG_CXX_LANGUAGE_STANDARD = "gnu++20";
				CLANG_ENABLE_MODULES = YES;
				CLANG_ENABLE_OBJC_ARC = YES;
				CLANG_ENABLE_OBJC_WEAK = YES;
				CLANG_WARN_BLOCK_CAPTURE_AUTORELEASING = YES;
				CLANG_WARN_BOOL_CONVERSION = YES;
				CLANG_WARN_COMMA = YES;
				CLANG_WARN_CONSTANT_CONVERSION = YES;
				CLANG_WARN_DEPRECATED_OBJC_IMPLEMENTATIONS = YES;
				CLANG_WARN_DIRECT_OBJC_ISA_USAGE = YES_ERROR;
				CLANG_WARN_DOCUMENTATION_COMMENTS = YES;
				CLANG_WARN_EMPTY_BODY = YES;
				CLANG_WARN_ENUM_CONVERSION = YES;
				CLANG_WARN_INFINITE_RECURSION = YES;
				CLANG_WARN_INT_CONVERSION = YES;
				CLANG_WARN_NON_LITERAL_NULL_CONVERSION = YES;
				CLANG_WARN_OBJC_IMPLICIT_RETAIN_SELF = YES;
				CLANG_WARN_OBJC_LITERAL_CONVERSION = YES;
				CLANG_WARN_OBJC_ROOT_CLASS = YES_ERROR;
				CLANG_WARN_QUOTED_INCLUDE_IN_FRAMEWORK_HEADER = YES;
				CLANG_WARN_RANGE_LOOP_ANALYSIS = YES;
				CLANG_WARN_STRICT_PROTOTYPES = YES;
				CLANG_WARN_SUSPICIOUS_MOVE = YES;
				CLANG_WARN_UNGUARDED_AVAILABILITY = YES_AGGRESSIVE;
				CLANG_WARN_UNREACHABLE_CODE = YES;
				CLANG_WARN__DUPLICATE_METHOD_MATCH = YES;
				COPY_PHASE_STRIP = NO;
				DEBUG_INFORMATION_FORMAT = "dwarf-with-dsym";
				ENABLE_NS_ASSERTIONS = NO;
				ENABLE_STRICT_OBJC_MSGSEND = YES;
				ENABLE_USER_SCRIPT_SANDBOXING = YES;
				GCC_C_LANGUAGE_STANDARD = gnu17;
				GCC_NO_COMMON_BLOCKS = YES;
				GCC_WARN_64_TO_32_BIT_CONVERSION = YES;
				GCC_WARN_ABOUT_RETURN_TYPE = YES_ERROR;
				GCC_WARN_UNDECLARED_SELECTOR = YES;
				GCC_WARN_UNINITIALIZED_AUTOS = YES_AGGRESSIVE;
				GCC_WARN_UNUSED_FUNCTION = YES;
				GCC_WARN_UNUSED_VARIABLE = YES;
				IPHONEOS_DEPLOYMENT_TARGET = 17.0;
				LOCALIZATION_PREFERS_STRING_CATALOGS = YES;
				MTL_ENABLE_DEBUG_INFO = NO;
				MTL_FAST_MATH = YES;
				SDKROOT = iphoneos;
				SWIFT_COMPILATION_MODE = wholemodule;
				VALIDATE_PRODUCT = YES;
			};
			name = Release;
		};
		FAD14FB12B1A130800141B71 /* Debug */ = {
			isa = XCBuildConfiguration;
			buildSettings = {
				ASSETCATALOG_COMPILER_APPICON_NAME = AppIcon;
				ASSETCATALOG_COMPILER_GLOBAL_ACCENT_COLOR_NAME = AccentColor;
				CODE_SIGN_STYLE = Automatic;
				CURRENT_PROJECT_VERSION = 1;
				GENERATE_INFOPLIST_FILE = YES;
				INFOPLIST_FILE = calculator2/Info.plist;
				INFOPLIST_KEY_UIApplicationSupportsIndirectInputEvents = YES;
				INFOPLIST_KEY_UILaunchStoryboardName = LaunchScreen;
				INFOPLIST_KEY_UIMainStoryboardFile = Main;
				INFOPLIST_KEY_UISupportedInterfaceOrientations_iPad = "UIInterfaceOrientationPortrait UIInterfaceOrientationPortraitUpsideDown UIInterfaceOrientationLandscapeLeft UIInterfaceOrientationLandscapeRight";
				INFOPLIST_KEY_UISupportedInterfaceOrientations_iPhone = "UIInterfaceOrientationPortrait UIInterfaceOrientationLandscapeLeft UIInterfaceOrientationLandscapeRight";
				LD_RUNPATH_SEARCH_PATHS = (
					"$(inherited)",
					"@executable_path/Frameworks",
				);
				MARKETING_VERSION = 1.0;
				PRODUCT_BUNDLE_IDENTIFIER = com.tombll.calculator2;
				PRODUCT_NAME = "$(TARGET_NAME)";
				SWIFT_EMIT_LOC_STRINGS = YES;
				SWIFT_VERSION = 5.0;
				TARGETED_DEVICE_FAMILY = "1,2";
			};
			name = Debug;
		};
		FAD14FB22B1A130800141B71 /* Release */ = {
			isa = XCBuildConfiguration;
			buildSettings = {
				ASSETCATALOG_COMPILER_APPICON_NAME = AppIcon;
				ASSETCATALOG_COMPILER_GLOBAL_ACCENT_COLOR_NAME = AccentColor;
				CODE_SIGN_STYLE = Automatic;
				CURRENT_PROJECT_VERSION = 1;
				GENERATE_INFOPLIST_FILE = YES;
				INFOPLIST_FILE = calculator2/Info.plist;
				INFOPLIST_KEY_UIApplicationSupportsIndirectInputEvents = YES;
				INFOPLIST_KEY_UILaunchStoryboardName = LaunchScreen;
				INFOPLIST_KEY_UIMainStoryboardFile = Main;
				INFOPLIST_KEY_UISupportedInterfaceOrientations_iPad = "UIInterfaceOrientationPortrait UIInterfaceOrientationPortraitUpsideDown UIInterfaceOrientationLandscapeLeft UIInterfaceOrientationLandscapeRight";
				INFOPLIST_KEY_UISupportedInterfaceOrientations_iPhone = "UIInterfaceOrientationPortrait UIInterfaceOrientationLandscapeLeft UIInterfaceOrientationLandscapeRight";
				LD_RUNPATH_SEARCH_PATHS = (
					"$(inherited)",
					"@executable_path/Frameworks",
				);
				MARKETING_VERSION = 1.0;
				PRODUCT_BUNDLE_IDENTIFIER = com.tombll.calculator2;
				PRODUCT_NAME = "$(TARGET_NAME)";
				SWIFT_EMIT_LOC_STRINGS = YES;
				SWIFT_VERSION = 5.0;
				TARGETED_DEVICE_FAMILY = "1,2";
			};
			name = Release;
		};
		FAD14FB42B1A130800141B71 /* Debug */ = {
			isa = XCBuildConfiguration;
			buildSettings = {
				ALWAYS_EMBED_SWIFT_STANDARD_LIBRARIES = YES;
				BUNDLE_LOADER = "$(TEST_HOST)";
				CODE_SIGN_STYLE = Automatic;
				CURRENT_PROJECT_VERSION = 1;
				GENERATE_INFOPLIST_FILE = YES;
				IPHONEOS_DEPLOYMENT_TARGET = 17.0;
				MARKETING_VERSION = 1.0;
				PRODUCT_BUNDLE_IDENTIFIER = com.tombll.calculator2Tests;
				PRODUCT_NAME = "$(TARGET_NAME)";
				SWIFT_EMIT_LOC_STRINGS = NO;
				SWIFT_VERSION = 5.0;
				TARGETED_DEVICE_FAMILY = "1,2";
				TEST_HOST = "$(BUILT_PRODUCTS_DIR)/calculator2.app/$(BUNDLE_EXECUTABLE_FOLDER_PATH)/calculator2";
			};
			name = Debug;
		};
		FAD14FB52B1A130800141B71 /* Release */ = {
			isa = XCBuildConfiguration;
			buildSettings = {
				ALWAYS_EMBED_SWIFT_STANDARD_LIBRARIES = YES;
				BUNDLE_LOADER = "$(TEST_HOST)";
				CODE_SIGN_STYLE = Automatic;
				CURRENT_PROJECT_VERSION = 1;
				GENERATE_INFOPLIST_FILE = YES;
				IPHONEOS_DEPLOYMENT_TARGET = 17.0;
				MARKETING_VERSION = 1.0;
				PRODUCT_BUNDLE_IDENTIFIER = com.tombll.calculator2Tests;
				PRODUCT_NAME = "$(TARGET_NAME)";
				SWIFT_EMIT_LOC_STRINGS = NO;
				SWIFT_VERSION = 5.0;
				TARGETED_DEVICE_FAMILY = "1,2";
				TEST_HOST = "$(BUILT_PRODUCTS_DIR)/calculator2.app/$(BUNDLE_EXECUTABLE_FOLDER_PATH)/calculator2";
			};
			name = Release;
		};
		FAD14FB72B1A130800141B71 /* Debug */ = {
			isa = XCBuildConfiguration;
			buildSettings = {
				ALWAYS_EMBED_SWIFT_STANDARD_LIBRARIES = YES;
				CODE_SIGN_STYLE = Automatic;
				CURRENT_PROJECT_VERSION = 1;
				GENERATE_INFOPLIST_FILE = YES;
				MARKETING_VERSION = 1.0;
				PRODUCT_BUNDLE_IDENTIFIER = com.tombll.calculator2UITests;
				PRODUCT_NAME = "$(TARGET_NAME)";
				SWIFT_EMIT_LOC_STRINGS = NO;
				SWIFT_VERSION = 5.0;
				TARGETED_DEVICE_FAMILY = "1,2";
				TEST_TARGET_NAME = calculator2;
			};
			name = Debug;
		};
		FAD14FB82B1A130800141B71 /* Release */ = {
			isa = XCBuildConfiguration;
			buildSettings = {
				ALWAYS_EMBED_SWIFT_STANDARD_LIBRARIES = YES;
				CODE_SIGN_STYLE = Automatic;
				CURRENT_PROJECT_VERSION = 1;
				GENERATE_INFOPLIST_FILE = YES;
				MARKETING_VERSION = 1.0;
				PRODUCT_BUNDLE_IDENTIFIER = com.tombll.calculator2UITests;
				PRODUCT_NAME = "$(TARGET_NAME)";
				SWIFT_EMIT_LOC_STRINGS = NO;
				SWIFT_VERSION = 5.0;
				TARGETED_DEVICE_FAMILY = "1,2";
				TEST_TARGET_NAME = calculator2;
			};
			name = Release;
		};
/* End XCBuildConfiguration section */

/* Begin XCConfigurationList section */
		FAD14F812B1A130600141B71 /* Build configuration list for PBXProject "calculator2" */ = {
			isa = XCConfigurationList;
			buildConfigurations = (
				FAD14FAE2B1A130800141B71 /* Debug */,
				FAD14FAF2B1A130800141B71 /* Release */,
			);
			defaultConfigurationIsVisible = 0;
			defaultConfigurationName = Release;
		};
		FAD14FB02B1A130800141B71 /* Build configuration list for PBXNativeTarget "calculator2" */ = {
			isa = XCConfigurationList;
			buildConfigurations = (
				FAD14FB12B1A130800141B71 /* Debug */,
				FAD14FB22B1A130800141B71 /* Release */,
			);
			defaultConfigurationIsVisible = 0;
			defaultConfigurationName = Release;
		};
		FAD14FB32B1A130800141B71 /* Build configuration list for PBXNativeTarget "calculator2Tests" */ = {
			isa = XCConfigurationList;
			buildConfigurations = (
				FAD14FB42B1A130800141B71 /* Debug */,
				FAD14FB52B1A130800141B71 /* Release */,
			);
			defaultConfigurationIsVisible = 0;
			defaultConfigurationName = Release;
		};
		FAD14FB62B1A130800141B71 /* Build configuration list for PBXNativeTarget "calculator2UITests" */ = {
			isa = XCConfigurationList;
			buildConfigurations = (
				FAD14FB72B1A130800141B71 /* Debug */,
				FAD14FB82B1A130800141B71 /* Release */,
			);
			defaultConfigurationIsVisible = 0;
			defaultConfigurationName = Release;
		};
/* End XCConfigurationList section */
	};
	rootObject = FAD14F7E2B1A130600141B71 /* Project object */;
}
